{
  "name": "nodegoat-csrf-example",
  "version": "0.0.1",
  "lockfileVersion": 1,
  "requires": true,
  "dependencies": {
    "consolidate": {
      "version": "0.10.0",
      "resolved": "https://registry.npmjs.org/consolidate/-/consolidate-0.10.0.tgz",
      "integrity": "sha1-gfGmzroSR9+c73omHOUnws5Tj3o="
    },
    "express": {
      "version": "3.2.6",
      "resolved": "https://registry.npmjs.org/express/-/express-3.2.6.tgz",
      "integrity": "sha1-2Kn+BlrcI8W0HsLGicZysmFDD/w=",
      "requires": {
        "buffer-crc32": "0.2.1",
        "commander": "0.6.1",
        "connect": "2.7.11",
        "cookie": "0.1.0",
        "cookie-signature": "1.0.1",
        "debug": "*",
        "fresh": "0.1.0",
        "methods": "0.0.1",
        "mkdirp": "0.3.4",
        "range-parser": "0.0.4",
        "send": "0.1.0"
      },
      "dependencies": {
        "buffer-crc32": {
          "version": "0.2.1",
          "resolved": "https://registry.npmjs.org/buffer-crc32/-/buffer-crc32-0.2.1.tgz",
          "integrity": "sha1-vj5TgvwCttYySVasGvmKqYsIU0w="
        },
        "commander": {
          "version": "0.6.1",
          "resolved": "https://registry.npmjs.org/commander/-/commander-0.6.1.tgz",
          "integrity": "sha1-+mihT2qUXVTbvlDYzbMyDp47GgY="
        },
        "connect": {
          "version": "2.7.11",
          "resolved": "https://registry.npmjs.org/connect/-/connect-2.7.11.tgz",
          "integrity": "sha1-9WHV7vcLjXGcOX9yTTS6QGXHej4=",
          "requires": {
            "buffer-crc32": "0.2.1",
            "bytes": "0.2.0",
            "cookie": "0.0.5",
            "cookie-signature": "1.0.1",
            "debug": "*",
            "formidable": "1.0.14",
            "fresh": "0.1.0",
            "pause": "0.0.1",
            "qs": "0.6.5",
            "send": "0.1.1"
          },
          "dependencies": {
            "bytes": {
              "version": "0.2.0",
              "resolved": "https://registry.npmjs.org/bytes/-/bytes-0.2.0.tgz",
              "integrity": "sha1-qtM+wU49wsp06OfUUfm6BTrU96A="
            },
            "cookie": {
              "version": "0.0.5",
              "resolved": "https://registry.npmjs.org/cookie/-/cookie-0.0.5.tgz",
              "integrity": "sha1-+az521frdWjJ/MWWJWt7si4wfIE="
            },
            "formidable": {
              "version": "1.0.14",
              "resolved": "https://registry.npmjs.org/formidable/-/formidable-1.0.14.tgz",
              "integrity": "sha1-Kz9MQRy7X91pXESEPiojUUpDIxo="
            },
            "pause": {
              "version": "0.0.1",
              "resolved": "https://registry.npmjs.org/pause/-/pause-0.0.1.tgz",
              "integrity": "sha1-HUCLP9t2kjuVQ9lvtMnf1TXZy10="
            },
            "qs": {
              "version": "0.6.5",
              "resolved": "https://registry.npmjs.org/qs/-/qs-0.6.5.tgz",
              "integrity": "sha1-KUsmjksNQlD23eGbO4s0k13/FO8="
            },
            "send": {
              "version": "0.1.1",
              "resolved": "https://registry.npmjs.org/send/-/send-0.1.1.tgz",
              "integrity": "sha1-C8/L0D3vbi2GEuGr+PSJW0UMYMg=",
              "requires": {
                "debug": "*",
                "fresh": "0.1.0",
                "mime": "~1.2.9",
                "range-parser": "0.0.4"
              },
              "dependencies": {
                "mime": {
                  "version": "1.2.11",
                  "resolved": "https://registry.npmjs.org/mime/-/mime-1.2.11.tgz",
                  "integrity": "sha1-WCA+7Ybjpe8XrtK32evUfwpg3RA="
                }
              }
            }
          }
        },
        "cookie": {
          "version": "0.1.0",
          "resolved": "https://registry.npmjs.org/cookie/-/cookie-0.1.0.tgz",
          "integrity": "sha1-kOtGndzpBchm3mh+/EMTHYgB+dA="
        },
        "cookie-signature": {
          "version": "1.0.1",
          "resolved": "https://registry.npmjs.org/cookie-signature/-/cookie-signature-1.0.1.tgz",
          "integrity": "sha1-ROByFIrwHm6OJK+/EmkNaK5pjss="
        },
        "debug": {
          "version": "2.0.0",
          "resolved": "https://registry.npmjs.org/debug/-/debug-2.0.0.tgz",
          "integrity": "sha1-ib2d9nMrUSVrxnBTQrugLtEhMe8=",
          "requires": {
            "ms": "0.6.2"
          },
          "dependencies": {
            "ms": {
              "version": "0.6.2",
              "resolved": "https://registry.npmjs.org/ms/-/ms-0.6.2.tgz",
              "integrity": "sha1-2JwhJMb9wTU9Zai3e/GqxLGTcIw="
            }
          }
        },
        "fresh": {
          "version": "0.1.0",
          "resolved": "https://registry.npmjs.org/fresh/-/fresh-0.1.0.tgz",
          "integrity": "sha1-A+SwF4Qk5MLV0ZpU2IFM3JeTSFA="
        },
        "methods": {
          "version": "0.0.1",
          "resolved": "https://registry.npmjs.org/methods/-/methods-0.0.1.tgz",
          "integrity": "sha1-J3yQ+L7zlwlkWoNxxRw7bGSOBow="
        },
        "mkdirp": {
          "version": "0.3.4",
          "resolved": "https://registry.npmjs.org/mkdirp/-/mkdirp-0.3.4.tgz",
          "integrity": "sha1-+MgdITtymaAx8ZOlfXUqF9L2x9g="
        },
        "range-parser": {
          "version": "0.0.4",
          "resolved": "https://registry.npmjs.org/range-parser/-/range-parser-0.0.4.tgz",
          "integrity": "sha1-wEJ//vUcEKy6B4KkbJYC50T/Ygs="
        },
        "send": {
          "version": "0.1.0",
          "resolved": "https://registry.npmjs.org/send/-/send-0.1.0.tgz",
          "integrity": "sha1-z7COvTzsm3/Bo32f+eh1qXHPRkA=",
          "requires": {
            "debug": "*",
            "fresh": "0.1.0",
            "mime": "1.2.6",
            "range-parser": "0.0.4"
          },
          "dependencies": {
            "mime": {
              "version": "1.2.6",
              "resolved": "https://registry.npmjs.org/mime/-/mime-1.2.6.tgz",
              "integrity": "sha1-sfhsdowCX6h7SAdfFwnyiuryA2U="
            }
          }
        }
      }
    },
    "forever": {
      "version": "0.13.0",
      "resolved": "https://registry.npmjs.org/forever/-/forever-0.13.0.tgz",
      "integrity": "sha1-MIV5IbN5lClaI8oSZmKPs6osLAA=",
      "requires": {
        "cliff": "~0.1.9",
        "colors": "~0.6.2",
        "flatiron": "~0.4.2",
        "forever-monitor": "~1.5.1",
        "nconf": "~0.6.9",
        "nssocket": "~0.5.1",
        "optimist": "~0.6.0",
        "timespan": "~2.3.0",
        "utile": "~0.2.1",
        "winston": "~0.8.1"
      },
      "dependencies": {
        "cliff": {
          "version": "0.1.9",
          "resolved": "https://registry.npmjs.org/cliff/-/cliff-0.1.9.tgz",
          "integrity": "sha1-ohHgnGo947oa8n0EnTASUNGIErw=",
          "requires": {
            "colors": "0.x.x",
            "eyes": "0.1.x",
            "winston": "0.8.x"
          },
          "dependencies": {
            "eyes": {
              "version": "0.1.8",
              "resolved": "https://registry.npmjs.org/eyes/-/eyes-0.1.8.tgz",
              "integrity": "sha1-Ys8SAjTGg3hdkCNIqADvPgzCC8A="
            }
          }
        },
        "colors": {
          "version": "0.6.2",
          "resolved": "https://registry.npmjs.org/colors/-/colors-0.6.2.tgz",
          "integrity": "sha1-JCP+ZnisDF2uiFLl0OW+CMmXq8w="
        },
        "flatiron": {
          "version": "0.4.2",
          "resolved": "https://registry.npmjs.org/flatiron/-/flatiron-0.4.2.tgz",
          "integrity": "sha1-z/riGNroIp1maMNEU+79mkTA5Bg=",
          "requires": {
            "broadway": "~0.3.2",
            "director": "1.2.3",
            "optimist": "0.6.0",
            "prompt": "0.2.14"
          },
          "dependencies": {
            "broadway": {
              "version": "0.3.6",
              "resolved": "https://registry.npmjs.org/broadway/-/broadway-0.3.6.tgz",
              "integrity": "sha1-fb7waLlUt5B5Jf1USWO1eKkCuno=",
              "requires": {
                "cliff": "0.1.9",
                "eventemitter2": "0.4.14",
                "nconf": "0.6.9",
                "utile": "0.2.1",
                "winston": "0.8.0"
              },
              "dependencies": {
                "eventemitter2": {
                  "version": "0.4.14",
                  "resolved": "https://registry.npmjs.org/eventemitter2/-/eventemitter2-0.4.14.tgz",
                  "integrity": "sha1-j2G3XN4BKy6esoTUVFWDtWQ7Yas="
                },
                "winston": {
                  "version": "0.8.0",
                  "resolved": "https://registry.npmjs.org/winston/-/winston-0.8.0.tgz",
                  "integrity": "sha1-YdCDD6aZcGISIGsKK1ymmpMENmg=",
                  "requires": {
                    "async": "0.2.x",
                    "colors": "0.6.x",
                    "cycle": "1.0.x",
                    "eyes": "0.1.x",
                    "pkginfo": "0.3.x",
                    "stack-trace": "0.0.x"
                  },
                  "dependencies": {
                    "async": {
                      "version": "0.2.10",
                      "resolved": "https://registry.npmjs.org/async/-/async-0.2.10.tgz",
                      "integrity": "sha1-trvgsGdLnXGXCMo43owjfLUmw9E="
                    },
                    "cycle": {
                      "version": "1.0.3",
                      "resolved": "https://registry.npmjs.org/cycle/-/cycle-1.0.3.tgz",
                      "integrity": "sha1-IegLK+hYD5i0aPN5QwZisEbDStI="
                    },
                    "eyes": {
                      "version": "0.1.8",
                      "resolved": "https://registry.npmjs.org/eyes/-/eyes-0.1.8.tgz",
                      "integrity": "sha1-Ys8SAjTGg3hdkCNIqADvPgzCC8A="
                    },
                    "pkginfo": {
                      "version": "0.3.0",
                      "resolved": "https://registry.npmjs.org/pkginfo/-/pkginfo-0.3.0.tgz",
                      "integrity": "sha1-cmQRQBA5/psAnuqGYUKV1fOlQnY="
                    },
                    "stack-trace": {
                      "version": "0.0.9",
                      "resolved": "https://registry.npmjs.org/stack-trace/-/stack-trace-0.0.9.tgz",
                      "integrity": "sha1-qPbq7KkGdMMz58Q5U/J1tFFRBpU="
                    }
                  }
                }
              }
            },
            "director": {
              "version": "1.2.3",
              "resolved": "https://registry.npmjs.org/director/-/director-1.2.3.tgz",
              "integrity": "sha1-umigkxJ1G7d8UqzHXh+f2dPLFb8="
            },
            "optimist": {
              "version": "0.6.0",
              "resolved": "https://registry.npmjs.org/optimist/-/optimist-0.6.0.tgz",
              "integrity": "sha1-aUJIJvNAX3nxQub8PZrljU27kgA=",
              "requires": {
                "minimist": "~0.0.1",
                "wordwrap": "~0.0.2"
              },
              "dependencies": {
                "minimist": {
                  "version": "0.0.10",
                  "resolved": "https://registry.npmjs.org/minimist/-/minimist-0.0.10.tgz",
                  "integrity": "sha1-3j+YVD2/lggr5IrRoMfNqDYwHc8="
                },
                "wordwrap": {
                  "version": "0.0.2",
                  "resolved": "https://registry.npmjs.org/wordwrap/-/wordwrap-0.0.2.tgz",
                  "integrity": "sha1-t5Zpu0LstAn4PVg8rVLKF+qhZD8="
                }
              }
            },
            "prompt": {
              "version": "0.2.14",
              "resolved": "https://registry.npmjs.org/prompt/-/prompt-0.2.14.tgz",
              "integrity": "sha1-V3VPZPVD/XsIRXB8gY7OYY8F/9w=",
              "requires": {
                "pkginfo": "0.x.x",
                "read": "1.0.x",
                "revalidator": "0.1.x",
                "utile": "0.2.x",
                "winston": "0.8.x"
              },
              "dependencies": {
                "pkginfo": {
                  "version": "0.3.0",
                  "resolved": "https://registry.npmjs.org/pkginfo/-/pkginfo-0.3.0.tgz",
                  "integrity": "sha1-cmQRQBA5/psAnuqGYUKV1fOlQnY="
                },
                "read": {
                  "version": "1.0.5",
                  "resolved": "https://registry.npmjs.org/read/-/read-1.0.5.tgz",
                  "integrity": "sha1-AHo9FpR4qnEKSRcn5FPv+5LnYgM=",
                  "requires": {
                    "mute-stream": "~0.0.4"
                  },
                  "dependencies": {
                    "mute-stream": {
                      "version": "0.0.4",
                      "resolved": "https://registry.npmjs.org/mute-stream/-/mute-stream-0.0.4.tgz",
                      "integrity": "sha1-qSGZYKbV1dBGWXruUSUsZlX3F34="
                    }
                  }
                },
                "revalidator": {
                  "version": "0.1.8",
                  "resolved": "https://registry.npmjs.org/revalidator/-/revalidator-0.1.8.tgz",
                  "integrity": "sha1-/s5hv6DBtSoga9axgZgYS91SOjs="
                }
              }
            }
          }
        },
        "forever-monitor": {
          "version": "1.5.1",
          "resolved": "https://registry.npmjs.org/forever-monitor/-/forever-monitor-1.5.1.tgz",
          "integrity": "sha1-l0+i8/+z98QHn7u8dLcVSq24j74=",
          "requires": {
            "broadway": "~0.3.6",
            "minimatch": "~1.0.0",
            "ps-tree": "0.0.x",
            "utile": "~0.2.1",
            "watch": "~0.13.0"
          },
          "dependencies": {
            "broadway": {
              "version": "0.3.6",
              "resolved": "https://registry.npmjs.org/broadway/-/broadway-0.3.6.tgz",
              "integrity": "sha1-fb7waLlUt5B5Jf1USWO1eKkCuno=",
              "requires": {
                "cliff": "0.1.9",
                "eventemitter2": "0.4.14",
                "nconf": "0.6.9",
                "utile": "0.2.1",
                "winston": "0.8.0"
              },
              "dependencies": {
                "eventemitter2": {
                  "version": "0.4.14",
                  "resolved": "https://registry.npmjs.org/eventemitter2/-/eventemitter2-0.4.14.tgz",
                  "integrity": "sha1-j2G3XN4BKy6esoTUVFWDtWQ7Yas="
                },
                "winston": {
                  "version": "0.8.0",
                  "resolved": "https://registry.npmjs.org/winston/-/winston-0.8.0.tgz",
                  "integrity": "sha1-YdCDD6aZcGISIGsKK1ymmpMENmg=",
                  "requires": {
                    "async": "0.2.x",
                    "colors": "0.6.x",
                    "cycle": "1.0.x",
                    "eyes": "0.1.x",
                    "pkginfo": "0.3.x",
                    "stack-trace": "0.0.x"
                  },
                  "dependencies": {
                    "async": {
                      "version": "0.2.10",
                      "resolved": "https://registry.npmjs.org/async/-/async-0.2.10.tgz",
                      "integrity": "sha1-trvgsGdLnXGXCMo43owjfLUmw9E="
                    },
                    "cycle": {
                      "version": "1.0.3",
                      "resolved": "https://registry.npmjs.org/cycle/-/cycle-1.0.3.tgz",
                      "integrity": "sha1-IegLK+hYD5i0aPN5QwZisEbDStI="
                    },
                    "eyes": {
                      "version": "0.1.8",
                      "resolved": "https://registry.npmjs.org/eyes/-/eyes-0.1.8.tgz",
                      "integrity": "sha1-Ys8SAjTGg3hdkCNIqADvPgzCC8A="
                    },
                    "pkginfo": {
                      "version": "0.3.0",
                      "resolved": "https://registry.npmjs.org/pkginfo/-/pkginfo-0.3.0.tgz",
                      "integrity": "sha1-cmQRQBA5/psAnuqGYUKV1fOlQnY="
                    },
                    "stack-trace": {
                      "version": "0.0.9",
                      "resolved": "https://registry.npmjs.org/stack-trace/-/stack-trace-0.0.9.tgz",
                      "integrity": "sha1-qPbq7KkGdMMz58Q5U/J1tFFRBpU="
                    }
                  }
                }
              }
            },
            "minimatch": {
              "version": "1.0.0",
              "resolved": "https://registry.npmjs.org/minimatch/-/minimatch-1.0.0.tgz",
              "integrity": "sha1-4N0hILSeG3JM6NcUxSCCKpQ4V20=",
              "requires": {
                "lru-cache": "2",
                "sigmund": "~1.0.0"
              },
              "dependencies": {
                "lru-cache": {
                  "version": "2.5.0",
                  "resolved": "https://registry.npmjs.org/lru-cache/-/lru-cache-2.5.0.tgz",
                  "integrity": "sha1-2COIrpyWC+y+oMc7uet5tsbOmus="
                },
                "sigmund": {
                  "version": "1.0.0",
                  "resolved": "https://registry.npmjs.org/sigmund/-/sigmund-1.0.0.tgz",
                  "integrity": "sha1-ZqKzp0mui1+4nv1PzAHclPvgIpY="
                }
              }
            },
            "optimist": {
              "version": "0.2.8",
              "resolved": "https://registry.npmjs.org/optimist/-/optimist-0.2.8.tgz",
              "integrity": "sha1-6YGrfiaLRXlIWTtVZ0wJmoFcrDE=",
              "requires": {
                "wordwrap": ">=0.0.1 <0.1.0"
              }
            },
            "ps-tree": {
              "version": "0.0.3",
              "resolved": "https://registry.npmjs.org/ps-tree/-/ps-tree-0.0.3.tgz",
              "integrity": "sha1-2/jXUqf+Ivp9WGNWiUmWEOknbdw=",
              "requires": {
                "event-stream": "~0.5"
              },
              "dependencies": {
                "event-stream": {
                  "version": "0.5.3",
                  "resolved": "https://registry.npmjs.org/event-stream/-/event-stream-0.5.3.tgz",
                  "integrity": "sha1-t3uTCfcQet3+q2PwwOr9jbC9jBw=",
                  "requires": {
                    "optimist": "0.2"
                  }
                }
              }
            },
            "watch": {
              "version": "0.13.0",
              "resolved": "https://registry.npmjs.org/watch/-/watch-0.13.0.tgz",
              "integrity": "sha1-/MbSs/DoxzSC61Qjmhn9W8+adTw=",
              "requires": {
                "minimist": "^1.1.0"
              },
              "dependencies": {
                "minimist": {
                  "version": "1.1.0",
                  "resolved": "https://registry.npmjs.org/minimist/-/minimist-1.1.0.tgz",
                  "integrity": "sha1-zfIl6ImPhAolje1E/JF3Z3Cv3JM="
                }
              }
            }
          }
        },
        "nconf": {
          "version": "0.6.9",
          "resolved": "https://registry.npmjs.org/nconf/-/nconf-0.6.9.tgz",
          "integrity": "sha1-lXDvFe1vmuays8jV5xtm0xk81mE=",
          "requires": {
            "async": "0.2.9",
            "ini": "1.x.x",
            "optimist": "0.6.0"
          },
          "dependencies": {
            "async": {
              "version": "0.2.9",
              "resolved": "https://registry.npmjs.org/async/-/async-0.2.9.tgz",
              "integrity": "sha1-32MGD789Myhqdqr21Vophtn/hhk="
            },
            "ini": {
              "version": "1.3.0",
              "resolved": "https://registry.npmjs.org/ini/-/ini-1.3.0.tgz",
              "integrity": "sha1-YlSD5WxkOnchAUx2YE0zU/RL1Ck="
            },
            "optimist": {
              "version": "0.6.0",
              "resolved": "https://registry.npmjs.org/optimist/-/optimist-0.6.0.tgz",
              "integrity": "sha1-aUJIJvNAX3nxQub8PZrljU27kgA=",
              "requires": {
                "minimist": "~0.0.1",
                "wordwrap": "~0.0.2"
              },
              "dependencies": {
                "minimist": {
                  "version": "0.0.10",
                  "resolved": "https://registry.npmjs.org/minimist/-/minimist-0.0.10.tgz",
                  "integrity": "sha1-3j+YVD2/lggr5IrRoMfNqDYwHc8="
                },
                "wordwrap": {
                  "version": "0.0.2",
                  "resolved": "https://registry.npmjs.org/wordwrap/-/wordwrap-0.0.2.tgz",
                  "integrity": "sha1-t5Zpu0LstAn4PVg8rVLKF+qhZD8="
                }
              }
            }
          }
        },
        "nssocket": {
          "version": "0.5.1",
          "resolved": "https://registry.npmjs.org/nssocket/-/nssocket-0.5.1.tgz",
          "integrity": "sha1-EfBCgzWtjYn/nPlqsoUqI7GzO3E=",
          "requires": {
            "eventemitter2": "~0.4.11",
            "lazy": "~1.0.11"
          },
          "dependencies": {
            "eventemitter2": {
              "version": "0.4.14",
              "resolved": "https://registry.npmjs.org/eventemitter2/-/eventemitter2-0.4.14.tgz",
              "integrity": "sha1-j2G3XN4BKy6esoTUVFWDtWQ7Yas="
            },
            "lazy": {
              "version": "1.0.11",
              "resolved": "https://registry.npmjs.org/lazy/-/lazy-1.0.11.tgz",
              "integrity": "sha1-2qBoIGKCVCwIgojpdcKXwa53tpA="
            }
          }
        },
        "optimist": {
          "version": "0.6.1",
          "resolved": "https://registry.npmjs.org/optimist/-/optimist-0.6.1.tgz",
          "integrity": "sha1-2j6nRob6IaGaERwybpDrFaAZZoY=",
          "requires": {
            "minimist": "~0.0.1",
            "wordwrap": "~0.0.2"
          },
          "dependencies": {
            "minimist": {
              "version": "0.0.10",
              "resolved": "https://registry.npmjs.org/minimist/-/minimist-0.0.10.tgz",
              "integrity": "sha1-3j+YVD2/lggr5IrRoMfNqDYwHc8="
            },
            "wordwrap": {
              "version": "0.0.2",
              "resolved": "https://registry.npmjs.org/wordwrap/-/wordwrap-0.0.2.tgz",
              "integrity": "sha1-t5Zpu0LstAn4PVg8rVLKF+qhZD8="
            }
          }
        },
        "timespan": {
          "version": "2.3.0",
          "resolved": "https://registry.npmjs.org/timespan/-/timespan-2.3.0.tgz",
          "integrity": "sha1-SQLOBAvRPYRcj1myfp1ZutbzmSk="
        },
        "utile": {
          "version": "0.2.1",
          "resolved": "https://registry.npmjs.org/utile/-/utile-0.2.1.tgz",
          "integrity": "sha1-kwyI6ZCY1iIINMNWy9mncFItkNc=",
          "requires": {
            "async": "~0.2.9",
            "deep-equal": "*",
            "i": "0.3.x",
            "mkdirp": "0.x.x",
            "ncp": "0.4.x",
            "rimraf": "2.x.x"
          },
          "dependencies": {
            "async": {
              "version": "0.2.10",
              "resolved": "https://registry.npmjs.org/async/-/async-0.2.10.tgz",
              "integrity": "sha1-trvgsGdLnXGXCMo43owjfLUmw9E="
            },
            "deep-equal": {
              "version": "0.2.1",
              "resolved": "https://registry.npmjs.org/deep-equal/-/deep-equal-0.2.1.tgz",
              "integrity": "sha1-+tenkyJMvww8d4b5LveA5PyMyHg="
            },
            "i": {
              "version": "0.3.2",
              "resolved": "https://registry.npmjs.org/i/-/i-0.3.2.tgz",
              "integrity": "sha1-suLW70eQC9kk4oEjH/TFzHmNnqg="
            },
            "mkdirp": {
              "version": "0.5.0",
              "resolved": "https://registry.npmjs.org/mkdirp/-/mkdirp-0.5.0.tgz",
              "integrity": "sha1-HXMHam35hs2TROFecfzAWkyavxI=",
              "requires": {
                "minimist": "0.0.8"
              },
              "dependencies": {
                "minimist": {
                  "version": "0.0.8",
                  "resolved": "https://registry.npmjs.org/minimist/-/minimist-0.0.8.tgz",
                  "integrity": "sha1-hX/Kv8M5fSYluCKCYuhqp6ARsF0="
                }
              }
            },
            "ncp": {
              "version": "0.4.2",
              "resolved": "https://registry.npmjs.org/ncp/-/ncp-0.4.2.tgz",
              "integrity": "sha1-q8xsvT7C7Spyn/bnwfqPAXhKhXQ="
            },
            "rimraf": {
              "version": "2.2.8",
              "resolved": "https://registry.npmjs.org/rimraf/-/rimraf-2.2.8.tgz",
              "integrity": "sha1-5Dm+Kq7jJzIZUnMPmaiSnk/FBYI="
            }
          }
        },
        "winston": {
          "version": "0.8.3",
          "resolved": "https://registry.npmjs.org/winston/-/winston-0.8.3.tgz",
          "integrity": "sha1-ZLar9M0Brcrv1QCTk7HY6L7BnbA=",
          "requires": {
            "async": "0.2.x",
            "colors": "0.6.x",
            "cycle": "1.0.x",
            "eyes": "0.1.x",
            "isstream": "0.1.x",
            "pkginfo": "0.3.x",
            "stack-trace": "0.0.x"
          },
          "dependencies": {
            "async": {
              "version": "0.2.10",
              "resolved": "https://registry.npmjs.org/async/-/async-0.2.10.tgz",
              "integrity": "sha1-trvgsGdLnXGXCMo43owjfLUmw9E="
            },
            "cycle": {
              "version": "1.0.3",
              "resolved": "https://registry.npmjs.org/cycle/-/cycle-1.0.3.tgz",
              "integrity": "sha1-IegLK+hYD5i0aPN5QwZisEbDStI="
            },
            "eyes": {
              "version": "0.1.8",
              "resolved": "https://registry.npmjs.org/eyes/-/eyes-0.1.8.tgz",
              "integrity": "sha1-Ys8SAjTGg3hdkCNIqADvPgzCC8A="
            },
            "isstream": {
              "version": "0.1.0",
              "resolved": "https://registry.npmjs.org/isstream/-/isstream-0.1.0.tgz",
              "integrity": "sha1-H8BiUJuMiQLueNCo0BWtMlFHIoU="
            },
            "pkginfo": {
              "version": "0.3.0",
              "resolved": "https://registry.npmjs.org/pkginfo/-/pkginfo-0.3.0.tgz",
              "integrity": "sha1-cmQRQBA5/psAnuqGYUKV1fOlQnY="
            },
            "stack-trace": {
              "version": "0.0.9",
              "resolved": "https://registry.npmjs.org/stack-trace/-/stack-trace-0.0.9.tgz",
              "integrity": "sha1-qPbq7KkGdMMz58Q5U/J1tFFRBpU="
            }
          }
        }
      }
    },
    "handlebars": {
      "version": "2.0.0",
      "resolved": "https://registry.npmjs.org/handlebars/-/handlebars-2.0.0.tgz",
      "integrity": "sha1-bp1/hRSjRn+l6fgswVjs/B1ax28=",
      "requires": {
        "optimist": "~0.3",
        "uglify-js": "~2.3"
      },
      "dependencies": {
        "optimist": {
          "version": "0.3.7",
          "resolved": "https://registry.npmjs.org/optimist/-/optimist-0.3.7.tgz",
          "integrity": "sha1-yQlBrVnkJzMokjB00s8ufLxuwNk=",
          "requires": {
            "wordwrap": "~0.0.2"
          },
          "dependencies": {
            "wordwrap": {
              "version": "0.0.2",
              "resolved": "https://registry.npmjs.org/wordwrap/-/wordwrap-0.0.2.tgz",
              "integrity": "sha1-t5Zpu0LstAn4PVg8rVLKF+qhZD8="
            }
          }
        },
        "uglify-js": {
          "version": "2.3.6",
          "resolved": "https://registry.npmjs.org/uglify-js/-/uglify-js-2.3.6.tgz",
          "integrity": "sha1-+gmEdwtCi3qbKoBY9GNV0U/vIRo=",
          "optional": true,
          "requires": {
            "async": "~0.2.6",
            "optimist": "~0.3.5",
            "source-map": "~0.1.7"
          },
          "dependencies": {
            "async": {
              "version": "0.2.10",
              "resolved": "https://registry.npmjs.org/async/-/async-0.2.10.tgz",
              "integrity": "sha1-trvgsGdLnXGXCMo43owjfLUmw9E=",
              "optional": true
            },
            "source-map": {
              "version": "0.1.40",
              "resolved": "https://registry.npmjs.org/source-map/-/source-map-0.1.40.tgz",
              "integrity": "sha1-fg7knsBFKqmsK5OtWuVO8z6Cs38=",
              "optional": true,
              "requires": {
                "amdefine": ">=0.0.4"
              },
              "dependencies": {
                "amdefine": {
                  "version": "0.1.0",
                  "resolved": "https://registry.npmjs.org/amdefine/-/amdefine-0.1.0.tgz",
                  "integrity": "sha1-PKlzXPHd4O33pL9mQXCcgCT5sic=",
                  "optional": true
                }
              }
            }
          }
        }
      }
    },
    "wordwrap": {
      "version": "0.0.3",
      "resolved": "https://registry.npmjs.org/wordwrap/-/wordwrap-0.0.3.tgz",
      "integrity": "sha1-o9XabNXAvAAI03I0u68b7WMFkQc="
    }
  }
}
